{
  "nodes": {
    "devenv": {
      "locked": {
        "dir": "src/modules",
        "lastModified": 1776718099,
        "narHash": "sha256-JAR6x8Au4xxk6X7ijhlYETQg0F0OS0ihZ5ARiguDclc=",
        "owner": "cachix",
        "repo": "devenv",
        "rev": "034b677ee035a29a077ecbaadfb2908719272919",
        "type": "github"
      },
      "original": {
        "dir": "src/modules",
        "owner": "cachix",
        "repo": "devenv",
        "type": "github"
      }
    },
    "flake-compat": {
      "flake": false,
      "locked": {
        "lastModified": 1767039857,
        "narHash": "sha256-vNpUSpF5Nuw8xvDLj2KCwwksIbjua2LZCqhV1LNRDns=",
        "owner": "edolstra",
        "repo": "flake-compat",
        "rev": "5edf11c44bc78a0d334f6334cdaf7d60d732daab",
        "type": "github"
      },
      "original": {
        "owner": "edolstra",
        "repo": "flake-compat",
        "type": "github"
      }
    },
    "nixpkgs": {
      "locked": {
        "lastModified": 1776758913,
        "narHash": "sha256-1ujHcHSYEdNlyfVUalf+LLbV3oZ6fcLgLt9Vcx2G6VM=",
        "owner": "NixOS",
        "repo": "nixpkgs",
        "rev": "9a0c8613542e7b5cb0aa28de3173ffddd7266449",
        "type": "github"
      },
      "original": {
        "owner": "NixOS",
        "repo": "nixpkgs",
        "type": "github"
      }
    },
    "nixpkgs-python": {
      "inputs": {
        "flake-compat": "flake-compat",
        "nixpkgs": [
          "nixpkgs"
        ]
      },
      "locked": {
        "lastModified": 1774026014,
        "narHash": "sha256-UBBQYhyAKayDCi6iCIKShQXWRvwyj5omLPOuSeVjtOY=",
        "owner": "cachix",
        "repo": "nixpkgs-python",
        "rev": "8b6d4103312761d4144b7bf9aebcc2f394b7e325",
        "type": "github"
      },
      "original": {
        "owner": "cachix",
        "repo": "nixpkgs-python",
        "type": "github"
      }
    },
    "root": {
      "inputs": {
        "devenv": "devenv",
        "nixpkgs": "nixpkgs",
        "nixpkgs-python": "nixpkgs-python",
        "rust-overlay": "rust-overlay"
      }
    },
    "rust-overlay": {
      "inputs": {
        "nixpkgs": [
          "nixpkgs"
        ]
      },
      "locked": {
        "lastModified": 1776741231,
        "narHash": "sha256-k9G98qzn+7npROUaks8VqCFm7cFtEG8ulQLBBo5lItg=",
        "owner": "oxalica",
        "repo": "rust-overlay",
        "rev": "02061303f7c4c964f7b4584dabd9e985b4cd442b",
        "type": "github"
      },
      "original": {
        "owner": "oxalica",
        "repo": "rust-overlay",
        "type": "github"
      }
    }
  },
  "root": "root",
  "version": 7
}